version = 1
revision = 1
requires-python = ">=3.12"

[[package]]
name = "asgiref"
version = "3.8.1"
source = { registry = "https://pypi.org/simple" }
sdist = { url = "https://files.pythonhosted.org/packages/29/38/b3395cc9ad1b56d2ddac9970bc8f4141312dbaec28bc7c218b0dfafd0f42/asgiref-3.8.1.tar.gz", hash = "sha256:c343bd80a0bec947a9860adb4c432ffa7db769836c64238fc34bdc3fec84d590", size = 35186 }
wheels = [
    { url = "https://files.pythonhosted.org/packages/39/e3/893e8757be2612e6c266d9bb58ad2e3651524b5b40cf56761e985a28b13e/asgiref-3.8.1-py3-none-any.whl", hash = "sha256:3e1e3ecc849832fe52ccf2cb6686b7a55f82bb1d6aee72a58826471390335e47", size = 23828 },
]

[[package]]
name = "beautifulsoup4"
version = "4.13.3"
source = { registry = "https://pypi.org/simple" }
dependencies = [
    { name = "soupsieve" },
    { name = "typing-extensions" },
]
sdist = { url = "https://files.pythonhosted.org/packages/f0/3c/adaf39ce1fb4afdd21b611e3d530b183bb7759c9b673d60db0e347fd4439/beautifulsoup4-4.13.3.tar.gz", hash = "sha256:1bd32405dacc920b42b83ba01644747ed77456a65760e285fbc47633ceddaf8b", size = 619516 }
wheels = [
    { url = "https://files.pythonhosted.org/packages/f9/49/6abb616eb3cbab6a7cca303dc02fdf3836de2e0b834bf966a7f5271a34d8/beautifulsoup4-4.13.3-py3-none-any.whl", hash = "sha256:99045d7d3f08f91f0d656bc9b7efbae189426cd913d830294a15eefa0ea4df16", size = 186015 },
]

[[package]]
name = "django"
version = "5.2"
source = { registry = "https://pypi.org/simple" }
dependencies = [
    { name = "asgiref" },
    { name = "sqlparse" },
    { name = "tzdata", marker = "sys_platform == 'win32'" },
]
sdist = { url = "https://files.pythonhosted.org/packages/4c/1b/c6da718c65228eb3a7ff7ba6a32d8e80fa840ca9057490504e099e4dd1ef/Django-5.2.tar.gz", hash = "sha256:1a47f7a7a3d43ce64570d350e008d2949abe8c7e21737b351b6a1611277c6d89", size = 10824891 }
wheels = [
    { url = "https://files.pythonhosted.org/packages/63/e0/6a5b5ea350c5bd63fe94b05e4c146c18facb51229d9dee42aa39f9fc2214/Django-5.2-py3-none-any.whl", hash = "sha256:91ceed4e3a6db5aedced65e3c8f963118ea9ba753fc620831c77074e620e7d83", size = 8301361 },
]

[[package]]
name = "django-bootstrap3"
version = "25.1"
source = { registry = "https://pypi.org/simple" }
dependencies = [
    { name = "django" },
]
sdist = { url = "https://files.pythonhosted.org/packages/90/24/22bf685630175f239e8dcb55a69f364cbd65389677eea9f5960ae2b97e8d/django_bootstrap3-25.1.tar.gz", hash = "sha256:56374e185915e20733df98cb9fae0291c9e0fae3d06e1421dd85b6a7546ce6f2", size = 107440 }
wheels = [
    { url = "https://files.pythonhosted.org/packages/97/dd/827554687745f932c734b84da8ea759e17f70cfeb37697c4c81538a30074/django_bootstrap3-25.1-py3-none-any.whl", hash = "sha256:6a5d7f4159488a48b172512237eb7de46bf54d193f379d6a014650d0d5cea066", size = 24107 },
]

[[package]]
name = "django-bootstrap4"
version = "25.1"
source = { registry = "https://pypi.org/simple" }
dependencies = [
    { name = "beautifulsoup4" },
    { name = "django" },
]
sdist = { url = "https://files.pythonhosted.org/packages/cf/bb/e2f15ae18598d81d0ef4dd51e9abc6cd42bbd1398cb36d3f28201572b756/django_bootstrap4-25.1.tar.gz", hash = "sha256:6e05d17dda5922ec643e40bb804c7f399ec262c3723a4e5aef5bd550b3ff4ffa", size = 108902 }
wheels = [
    { url = "https://files.pythonhosted.org/packages/0a/13/007e451caec1406da56f65d1a9fcbfe76bbc7dd4b9653dcab4713f0564dd/django_bootstrap4-25.1-py3-none-any.whl", hash = "sha256:9eb574b6ddd0ae2e8b9da13746e1d084a797b8962cb8e0284c937c97e1938f29", size = 25329 },
]

[[package]]
name = "django-bootstrap5"
version = "25.1"
source = { registry = "https://pypi.org/simple" }
dependencies = [
    { name = "django" },
]
sdist = { url = "https://files.pythonhosted.org/packages/37/e3/1a52b8a5d2d85cbade624ec0de29a27b8a47df8859cb65e8425c3d4589df/django_bootstrap5-25.1.tar.gz", hash = "sha256:e81c77eb710356f94e426a51f4f469890d5720f5e7e53d650f4405d4cc94da04", size = 122024 }
wheels = [
    { url = "https://files.pythonhosted.org/packages/49/6b/e28da7dd51d94f00975ab9db3ceda8ea7cfac6b92b2323fc4db7871534d4/django_bootstrap5-25.1-py3-none-any.whl", hash = "sha256:964ad2d970d0495b030b86f31b33033dfdfe839a67b32ea599fa02eb39988ae7", size = 26404 },
]

[[package]]
name = "django-debug-toolbar"
version = "5.1.0"
source = { registry = "https://pypi.org/simple" }
dependencies = [
    { name = "django" },
    { name = "sqlparse" },
]
sdist = { url = "https://files.pythonhosted.org/packages/5b/6b/41281bf3f9939713010f24f46a033a74cf90599f52f09aaa8b0b118692b7/django_debug_toolbar-5.1.0.tar.gz", hash = "sha256:8a3b9da4aeab8d384a366e20304bd939a451f0242523c5b7b402248ad474eed2", size = 294567 }
wheels = [
    { url = "https://files.pythonhosted.org/packages/62/ce/39831ce0a946979fdf19c32e6dcd1754a70e3280815aa7a377f61d5e021c/django_debug_toolbar-5.1.0-py3-none-any.whl", hash = "sha256:c0591e338ee9603bdfce5aebf8d18ca7341fdbb69595e2b0b34869be5857180e", size = 261531 },
]

[[package]]
name = "django-filter"
version = "25.1"
source = { registry = "https://pypi.org/simple" }
dependencies = [
    { name = "django" },
]
sdist = { url = "https://files.pythonhosted.org/packages/b5/40/c702a6fe8cccac9bf426b55724ebdf57d10a132bae80a17691d0cf0b9bac/django_filter-25.1.tar.gz", hash = "sha256:1ec9eef48fa8da1c0ac9b411744b16c3f4c31176c867886e4c48da369c407153", size = 143021 }
wheels = [
    { url = "https://files.pythonhosted.org/packages/07/a6/70dcd68537c434ba7cb9277d403c5c829caf04f35baf5eb9458be251e382/django_filter-25.1-py3-none-any.whl", hash = "sha256:4fa48677cf5857b9b1347fed23e355ea792464e0fe07244d1fdfb8a806215b80", size = 94114 },
]

[[package]]
name = "django-tables-2-example"
version = "0.1.0"
source = { virtual = "." }
dependencies = [
    { name = "django" },
    { name = "django-bootstrap3" },
    { name = "django-bootstrap4" },
    { name = "django-bootstrap5" },
    { name = "django-debug-toolbar" },
    { name = "django-filter" },
    { name = "django-tables2" },
    { name = "tablib" },
]

[package.metadata]
requires-dist = [
    { name = "django", specifier = ">=5.2" },
    { name = "django-bootstrap3", specifier = ">=25.1" },
    { name = "django-bootstrap4", specifier = ">=25.1" },
    { name = "django-bootstrap5", specifier = ">=25.1" },
    { name = "django-debug-toolbar", specifier = ">=5.1.0" },
    { name = "django-filter", specifier = ">=25.1" },
    { name = "django-tables2", specifier = ">=2.7.5" },
    { name = "tablib", specifier = ">=3.8.0" },
]

[[package]]
name = "django-tables2"
version = "2.7.5"
source = { registry = "https://pypi.org/simple" }
dependencies = [
    { name = "django" },
]
sdist = { url = "https://files.pythonhosted.org/packages/19/0f/497ebb829a0f6d93ac8ae720b114a413e6e3a6eb0682f15c7a8d59f69464/django_tables2-2.7.5.tar.gz", hash = "sha256:fb5dcaa09379cf3947598ec7e1bd5f26ed63aafdee3b23963446763bbeac37bf", size = 128618 }
wheels = [
    { url = "https://files.pythonhosted.org/packages/0b/66/6d454db3edcd285b767caaa790c3e7a3969c91bb6f93601d9a879aab06f2/django_tables2-2.7.5-py3-none-any.whl", hash = "sha256:d9338937797207ffb6f481be2125c5ec3a0bb1858d409c672cc25fc5d654cb22", size = 95984 },
]

[[package]]
name = "soupsieve"
version = "2.6"
source = { registry = "https://pypi.org/simple" }
sdist = { url = "https://files.pythonhosted.org/packages/d7/ce/fbaeed4f9fb8b2daa961f90591662df6a86c1abf25c548329a86920aedfb/soupsieve-2.6.tar.gz", hash = "sha256:e2e68417777af359ec65daac1057404a3c8a5455bb8abc36f1a9866ab1a51abb", size = 101569 }
wheels = [
    { url = "https://files.pythonhosted.org/packages/d1/c2/fe97d779f3ef3b15f05c94a2f1e3d21732574ed441687474db9d342a7315/soupsieve-2.6-py3-none-any.whl", hash = "sha256:e72c4ff06e4fb6e4b5a9f0f55fe6e81514581fca1515028625d0f299c602ccc9", size = 36186 },
]

[[package]]
name = "sqlparse"
version = "0.5.3"
source = { registry = "https://pypi.org/simple" }
sdist = { url = "https://files.pythonhosted.org/packages/e5/40/edede8dd6977b0d3da179a342c198ed100dd2aba4be081861ee5911e4da4/sqlparse-0.5.3.tar.gz", hash = "sha256:09f67787f56a0b16ecdbde1bfc7f5d9c3371ca683cfeaa8e6ff60b4807ec9272", size = 84999 }
wheels = [
    { url = "https://files.pythonhosted.org/packages/a9/5c/bfd6bd0bf979426d405cc6e71eceb8701b148b16c21d2dc3c261efc61c7b/sqlparse-0.5.3-py3-none-any.whl", hash = "sha256:cf2196ed3418f3ba5de6af7e82c694a9fbdbfecccdfc72e281548517081f16ca", size = 44415 },
]

[[package]]
name = "tablib"
version = "3.8.0"
source = { registry = "https://pypi.org/simple" }
sdist = { url = "https://files.pythonhosted.org/packages/09/cc/fe19d9c2ac1088794a51fc72f49b7226f88a0361f924fb3d17a9ec80e657/tablib-3.8.0.tar.gz", hash = "sha256:94d8bcdc65a715a0024a6d5b701a5f31e45bd159269e62c73731de79f048db2b", size = 122247 }
wheels = [
    { url = "https://files.pythonhosted.org/packages/5c/95/6542f54ebd90539b12ed6189cb54a6550a28407b1c503c2e55190c29a4c9/tablib-3.8.0-py3-none-any.whl", hash = "sha256:35bdb9d4ec7052232f8803908f9c7a9c3c65807188b70618fa7a7d8ccd560b4d", size = 47935 },
]

[[package]]
name = "typing-extensions"
version = "4.13.1"
source = { registry = "https://pypi.org/simple" }
sdist = { url = "https://files.pythonhosted.org/packages/76/ad/cd3e3465232ec2416ae9b983f27b9e94dc8171d56ac99b345319a9475967/typing_extensions-4.13.1.tar.gz", hash = "sha256:98795af00fb9640edec5b8e31fc647597b4691f099ad75f469a2616be1a76dff", size = 106633 }
wheels = [
    { url = "https://files.pythonhosted.org/packages/df/c5/e7a0b0f5ed69f94c8ab7379c599e6036886bffcde609969a5325f47f1332/typing_extensions-4.13.1-py3-none-any.whl", hash = "sha256:4b6cf02909eb5495cfbc3f6e8fd49217e6cc7944e145cdda8caa3734777f9e69", size = 45739 },
]

[[package]]
name = "tzdata"
version = "2025.2"
source = { registry = "https://pypi.org/simple" }
sdist = { url = "https://files.pythonhosted.org/packages/95/32/1a225d6164441be760d75c2c42e2780dc0873fe382da3e98a2e1e48361e5/tzdata-2025.2.tar.gz", hash = "sha256:b60a638fcc0daffadf82fe0f57e53d06bdec2f36c4df66280ae79bce6bd6f2b9", size = 196380 }
wheels = [
    { url = "https://files.pythonhosted.org/packages/5c/23/c7abc0ca0a1526a0774eca151daeb8de62ec457e77262b66b359c3c7679e/tzdata-2025.2-py2.py3-none-any.whl", hash = "sha256:1a403fada01ff9221ca8044d701868fa132215d84beb92242d9acd2147f667a8", size = 347839 },
]
